
Microsoft Visual Studio Solution File, Format Version 12.00
# Visual Studio 2013
VisualStudioVersion = 12.0.31101.0
MinimumVisualStudioVersion = 10.0.40219.1
Project("{8BC9CEB8-8B4A-11D0-8D11-00A0C91BC942}") = "AVAT_Console", "AVAT_Console\AVAT_Console.vcxproj", "{74363A66-F459-4C9D-9102-C113A33832D2}"
EndProject
Project("{2150E333-8FDC-42A3-9474-1A3956D46DE8}") = "opencv_lib", "opencv_lib", "{93989886-6A79-4981-92D2-2FF08C92D1CF}"
	ProjectSection(SolutionItems) = preProject
		opencv249\lib\vc12\opencv_calib3d249.lib = opencv249\lib\vc12\opencv_calib3d249.lib
		opencv249\lib\vc12\opencv_calib3d249d.lib = opencv249\lib\vc12\opencv_calib3d249d.lib
		opencv249\lib\vc12\opencv_contrib249.lib = opencv249\lib\vc12\opencv_contrib249.lib
		opencv249\lib\vc12\opencv_contrib249d.lib = opencv249\lib\vc12\opencv_contrib249d.lib
		opencv249\lib\vc12\opencv_core249.lib = opencv249\lib\vc12\opencv_core249.lib
		opencv249\lib\vc12\opencv_core249d.lib = opencv249\lib\vc12\opencv_core249d.lib
		opencv249\lib\vc12\opencv_features2d249.lib = opencv249\lib\vc12\opencv_features2d249.lib
		opencv249\lib\vc12\opencv_features2d249d.lib = opencv249\lib\vc12\opencv_features2d249d.lib
		opencv249\lib\vc12\opencv_flann249.lib = opencv249\lib\vc12\opencv_flann249.lib
		opencv249\lib\vc12\opencv_flann249d.lib = opencv249\lib\vc12\opencv_flann249d.lib
		opencv249\lib\vc12\opencv_gpu249.lib = opencv249\lib\vc12\opencv_gpu249.lib
		opencv249\lib\vc12\opencv_gpu249d.lib = opencv249\lib\vc12\opencv_gpu249d.lib
		opencv249\lib\vc12\opencv_highgui249.lib = opencv249\lib\vc12\opencv_highgui249.lib
		opencv249\lib\vc12\opencv_highgui249d.lib = opencv249\lib\vc12\opencv_highgui249d.lib
		opencv249\lib\vc12\opencv_imgproc249.lib = opencv249\lib\vc12\opencv_imgproc249.lib
		opencv249\lib\vc12\opencv_imgproc249d.lib = opencv249\lib\vc12\opencv_imgproc249d.lib
		opencv249\lib\vc12\opencv_legacy249.lib = opencv249\lib\vc12\opencv_legacy249.lib
		opencv249\lib\vc12\opencv_legacy249d.lib = opencv249\lib\vc12\opencv_legacy249d.lib
		opencv249\lib\vc12\opencv_ml249.lib = opencv249\lib\vc12\opencv_ml249.lib
		opencv249\lib\vc12\opencv_ml249d.lib = opencv249\lib\vc12\opencv_ml249d.lib
		opencv249\lib\vc12\opencv_nonfree249.lib = opencv249\lib\vc12\opencv_nonfree249.lib
		opencv249\lib\vc12\opencv_nonfree249d.lib = opencv249\lib\vc12\opencv_nonfree249d.lib
		opencv249\lib\vc12\opencv_objdetect249.lib = opencv249\lib\vc12\opencv_objdetect249.lib
		opencv249\lib\vc12\opencv_objdetect249d.lib = opencv249\lib\vc12\opencv_objdetect249d.lib
		opencv249\lib\vc12\opencv_ocl249.lib = opencv249\lib\vc12\opencv_ocl249.lib
		opencv249\lib\vc12\opencv_ocl249d.lib = opencv249\lib\vc12\opencv_ocl249d.lib
		opencv249\lib\vc12\opencv_photo249.lib = opencv249\lib\vc12\opencv_photo249.lib
		opencv249\lib\vc12\opencv_photo249d.lib = opencv249\lib\vc12\opencv_photo249d.lib
		opencv249\lib\vc12\opencv_stitching249.lib = opencv249\lib\vc12\opencv_stitching249.lib
		opencv249\lib\vc12\opencv_stitching249d.lib = opencv249\lib\vc12\opencv_stitching249d.lib
		opencv249\lib\vc12\opencv_superres249.lib = opencv249\lib\vc12\opencv_superres249.lib
		opencv249\lib\vc12\opencv_superres249d.lib = opencv249\lib\vc12\opencv_superres249d.lib
		opencv249\lib\vc12\opencv_ts249.lib = opencv249\lib\vc12\opencv_ts249.lib
		opencv249\lib\vc12\opencv_ts249d.lib = opencv249\lib\vc12\opencv_ts249d.lib
		opencv249\lib\vc12\opencv_video249.lib = opencv249\lib\vc12\opencv_video249.lib
		opencv249\lib\vc12\opencv_video249d.lib = opencv249\lib\vc12\opencv_video249d.lib
		opencv249\lib\vc12\opencv_videostab249.lib = opencv249\lib\vc12\opencv_videostab249.lib
		opencv249\lib\vc12\opencv_videostab249d.lib = opencv249\lib\vc12\opencv_videostab249d.lib
	EndProjectSection
EndProject
Project("{2150E333-8FDC-42A3-9474-1A3956D46DE8}") = "opencv_inc", "opencv_inc", "{2B44BA01-FDEC-4B38-BA72-74EE21F3206E}"
	ProjectSection(SolutionItems) = preProject
		opencv249\include\opencv2\core\affine.hpp = opencv249\include\opencv2\core\affine.hpp
		opencv249\include\opencv2\flann\all_indices.h = opencv249\include\opencv2\flann\all_indices.h
		opencv249\include\opencv2\flann\allocator.h = opencv249\include\opencv2\flann\allocator.h
		opencv249\include\opencv2\flann\any.h = opencv249\include\opencv2\flann\any.h
		opencv249\include\opencv2\stitching\detail\autocalib.hpp = opencv249\include\opencv2\stitching\detail\autocalib.hpp
		opencv249\include\opencv2\flann\autotuned_index.h = opencv249\include\opencv2\flann\autotuned_index.h
		opencv249\include\opencv2\video\background_segm.hpp = opencv249\include\opencv2\video\background_segm.hpp
		opencv249\include\opencv2\stitching\detail\blenders.hpp = opencv249\include\opencv2\stitching\detail\blenders.hpp
		opencv249\include\opencv2\legacy\blobtrack.hpp = opencv249\include\opencv2\legacy\blobtrack.hpp
		opencv249\include\opencv2\gpu\device\block.hpp = opencv249\include\opencv2\gpu\device\block.hpp
		opencv249\include\opencv2\gpu\device\border_interpolate.hpp = opencv249\include\opencv2\gpu\device\border_interpolate.hpp
		opencv249\include\opencv2\calib3d\calib3d.hpp = opencv249\include\opencv2\calib3d\calib3d.hpp
		opencv249\include\opencv2\stitching\detail\camera.hpp = opencv249\include\opencv2\stitching\detail\camera.hpp
		opencv249\include\opencv2\highgui\cap_ios.h = opencv249\include\opencv2\highgui\cap_ios.h
		opencv249\include\opencv2\gpu\device\color.hpp = opencv249\include\opencv2\gpu\device\color.hpp
		opencv249\include\opencv2\gpu\device\detail\color_detail.hpp = opencv249\include\opencv2\gpu\device\detail\color_detail.hpp
		opencv249\include\opencv2\gpu\device\common.hpp = opencv249\include\opencv2\gpu\device\common.hpp
		opencv249\include\opencv2\legacy\compat.hpp = opencv249\include\opencv2\legacy\compat.hpp
		opencv249\include\opencv2\flann\composite_index.h = opencv249\include\opencv2\flann\composite_index.h
		opencv249\include\opencv2\flann\config.h = opencv249\include\opencv2\flann\config.h
		opencv249\include\opencv2\contrib\contrib.hpp = opencv249\include\opencv2\contrib\contrib.hpp
		opencv249\include\opencv2\core\core.hpp = opencv249\include\opencv2\core\core.hpp
		opencv249\include\opencv2\core\core_c.h = opencv249\include\opencv2\core\core_c.h
		opencv249\include\opencv2\core\cuda_devptrs.hpp = opencv249\include\opencv2\core\cuda_devptrs.hpp
		opencv249\include\opencv\cv.h = opencv249\include\opencv\cv.h
		opencv249\include\opencv\cv.hpp = opencv249\include\opencv\cv.hpp
		opencv249\include\opencv\cvaux.h = opencv249\include\opencv\cvaux.h
		opencv249\include\opencv\cvaux.hpp = opencv249\include\opencv\cvaux.hpp
		opencv249\include\opencv\cvwimage.h = opencv249\include\opencv\cvwimage.h
		opencv249\include\opencv\cxcore.h = opencv249\include\opencv\cxcore.h
		opencv249\include\opencv\cxcore.hpp = opencv249\include\opencv\cxcore.hpp
		opencv249\include\opencv\cxeigen.hpp = opencv249\include\opencv\cxeigen.hpp
		opencv249\include\opencv\cxmisc.h = opencv249\include\opencv\cxmisc.h
		opencv249\include\opencv2\gpu\device\datamov_utils.hpp = opencv249\include\opencv2\gpu\device\datamov_utils.hpp
		opencv249\include\opencv2\videostab\deblurring.hpp = opencv249\include\opencv2\videostab\deblurring.hpp
		opencv249\include\opencv2\flann\defines.h = opencv249\include\opencv2\flann\defines.h
		opencv249\include\opencv2\contrib\detection_based_tracker.hpp = opencv249\include\opencv2\contrib\detection_based_tracker.hpp
		opencv249\include\opencv2\gpu\devmem2d.hpp = opencv249\include\opencv2\gpu\devmem2d.hpp
		opencv249\include\opencv2\core\devmem2d.hpp = opencv249\include\opencv2\core\devmem2d.hpp
		opencv249\include\opencv2\flann\dist.h = opencv249\include\opencv2\flann\dist.h
		opencv249\include\opencv2\flann\dummy.h = opencv249\include\opencv2\flann\dummy.h
		opencv249\include\opencv2\flann\dynamic_bitset.h = opencv249\include\opencv2\flann\dynamic_bitset.h
		opencv249\include\opencv2\gpu\device\dynamic_smem.hpp = opencv249\include\opencv2\gpu\device\dynamic_smem.hpp
		opencv249\include\opencv2\core\eigen.hpp = opencv249\include\opencv2\core\eigen.hpp
		opencv249\include\opencv2\gpu\device\emulation.hpp = opencv249\include\opencv2\gpu\device\emulation.hpp
		opencv249\include\opencv2\stitching\detail\exposure_compensate.hpp = opencv249\include\opencv2\stitching\detail\exposure_compensate.hpp
		opencv249\include\opencv2\videostab\fast_marching.hpp = opencv249\include\opencv2\videostab\fast_marching.hpp
		opencv249\include\opencv2\videostab\fast_marching_inl.hpp = opencv249\include\opencv2\videostab\fast_marching_inl.hpp
		opencv249\include\opencv2\features2d\features2d.hpp = opencv249\include\opencv2\features2d\features2d.hpp
		opencv249\include\opencv2\nonfree\features2d.hpp = opencv249\include\opencv2\nonfree\features2d.hpp
		opencv249\include\opencv2\gpu\device\filters.hpp = opencv249\include\opencv2\gpu\device\filters.hpp
		opencv249\include\opencv2\flann\flann.hpp = opencv249\include\opencv2\flann\flann.hpp
		opencv249\include\opencv2\flann\flann_base.hpp = opencv249\include\opencv2\flann\flann_base.hpp
		opencv249\include\opencv2\videostab\frame_source.hpp = opencv249\include\opencv2\videostab\frame_source.hpp
		opencv249\include\opencv2\gpu\device\funcattrib.hpp = opencv249\include\opencv2\gpu\device\funcattrib.hpp
		opencv249\include\opencv2\gpu\device\functional.hpp = opencv249\include\opencv2\gpu\device\functional.hpp
		opencv249\include\opencv2\flann\general.h = opencv249\include\opencv2\flann\general.h
		opencv249\include\opencv2\videostab\global_motion.hpp = opencv249\include\opencv2\videostab\global_motion.hpp
		opencv249\include\opencv2\gpu\gpu.hpp = opencv249\include\opencv2\gpu\gpu.hpp
		opencv249\include\opencv2\nonfree\gpu.hpp = opencv249\include\opencv2\nonfree\gpu.hpp
		opencv249\include\opencv2\ts\gpu_perf.hpp = opencv249\include\opencv2\ts\gpu_perf.hpp
		opencv249\include\opencv2\ts\gpu_test.hpp = opencv249\include\opencv2\ts\gpu_test.hpp
		opencv249\include\opencv2\gpu\gpumat.hpp = opencv249\include\opencv2\gpu\gpumat.hpp
		opencv249\include\opencv2\core\gpumat.hpp = opencv249\include\opencv2\core\gpumat.hpp
		opencv249\include\opencv2\flann\ground_truth.h = opencv249\include\opencv2\flann\ground_truth.h
		opencv249\include\opencv2\flann\hdf5.h = opencv249\include\opencv2\flann\hdf5.h
		opencv249\include\opencv2\flann\heap.h = opencv249\include\opencv2\flann\heap.h
		opencv249\include\opencv2\flann\hierarchical_clustering_index.h = opencv249\include\opencv2\flann\hierarchical_clustering_index.h
		opencv249\include\opencv\highgui.h = opencv249\include\opencv\highgui.h
		opencv249\include\opencv2\highgui\highgui.hpp = opencv249\include\opencv2\highgui\highgui.hpp
		opencv249\include\opencv2\highgui\highgui_c.h = opencv249\include\opencv2\highgui\highgui_c.h
		opencv249\include\opencv2\contrib\hybridtracker.hpp = opencv249\include\opencv2\contrib\hybridtracker.hpp
		opencv249\include\opencv2\imgproc\imgproc.hpp = opencv249\include\opencv2\imgproc\imgproc.hpp
		opencv249\include\opencv2\imgproc\imgproc_c.h = opencv249\include\opencv2\imgproc\imgproc_c.h
		opencv249\include\opencv2\flann\index_testing.h = opencv249\include\opencv2\flann\index_testing.h
		opencv249\include\opencv2\videostab\inpainting.hpp = opencv249\include\opencv2\videostab\inpainting.hpp
		opencv249\include\opencv2\core\internal.hpp = opencv249\include\opencv2\core\internal.hpp
		opencv249\include\opencv2\highgui\ios.h = opencv249\include\opencv2\highgui\ios.h
		opencv249\include\opencv2\flann\kdtree_index.h = opencv249\include\opencv2\flann\kdtree_index.h
		opencv249\include\opencv2\flann\kdtree_single_index.h = opencv249\include\opencv2\flann\kdtree_single_index.h
		opencv249\include\opencv2\flann\kmeans_index.h = opencv249\include\opencv2\flann\kmeans_index.h
		opencv249\include\opencv2\legacy\legacy.hpp = opencv249\include\opencv2\legacy\legacy.hpp
		opencv249\include\opencv2\gpu\device\limits.hpp = opencv249\include\opencv2\gpu\device\limits.hpp
		opencv249\include\opencv2\flann\linear_index.h = opencv249\include\opencv2\flann\linear_index.h
		opencv249\include\opencv2\videostab\log.hpp = opencv249\include\opencv2\videostab\log.hpp
		opencv249\include\opencv2\flann\logger.h = opencv249\include\opencv2\flann\logger.h
		opencv249\include\opencv2\flann\lsh_index.h = opencv249\include\opencv2\flann\lsh_index.h
		opencv249\include\opencv2\flann\lsh_table.h = opencv249\include\opencv2\flann\lsh_table.h
		opencv249\include\opencv2\core\mat.hpp = opencv249\include\opencv2\core\mat.hpp
		opencv249\include\opencv2\stitching\detail\matchers.hpp = opencv249\include\opencv2\stitching\detail\matchers.hpp
		opencv249\include\opencv2\flann\matrix.h = opencv249\include\opencv2\flann\matrix.h
		opencv249\include\opencv2\ocl\matrix_operations.hpp = opencv249\include\opencv2\ocl\matrix_operations.hpp
		opencv249\include\opencv2\flann\miniflann.hpp = opencv249\include\opencv2\flann\miniflann.hpp
		opencv249\include\opencv\ml.h = opencv249\include\opencv\ml.h
		opencv249\include\opencv2\ml\ml.hpp = opencv249\include\opencv2\ml\ml.hpp
		opencv249\include\opencv2\stitching\detail\motion_estimators.hpp = opencv249\include\opencv2\stitching\detail\motion_estimators.hpp
		opencv249\include\opencv2\videostab\motion_stabilizing.hpp = opencv249\include\opencv2\videostab\motion_stabilizing.hpp
		opencv249\include\opencv2\flann\nn_index.h = opencv249\include\opencv2\flann\nn_index.h
		opencv249\include\opencv2\nonfree\nonfree.hpp = opencv249\include\opencv2\nonfree\nonfree.hpp
		opencv249\include\opencv2\objdetect\objdetect.hpp = opencv249\include\opencv2\objdetect\objdetect.hpp
		opencv249\include\opencv2\flann\object_factory.h = opencv249\include\opencv2\flann\object_factory.h
		opencv249\include\opencv2\ocl\ocl.hpp = opencv249\include\opencv2\ocl\ocl.hpp
		opencv249\include\opencv2\nonfree\ocl.hpp = opencv249\include\opencv2\nonfree\ocl.hpp
		opencv249\include\opencv2\opencv.hpp = opencv249\include\opencv2\opencv.hpp
		opencv249\include\opencv2\opencv_modules.hpp = opencv249\include\opencv2\opencv_modules.hpp
		opencv249\include\opencv2\contrib\openfabmap.hpp = opencv249\include\opencv2\contrib\openfabmap.hpp
		opencv249\include\opencv2\core\opengl_interop.hpp = opencv249\include\opencv2\core\opengl_interop.hpp
		opencv249\include\opencv2\core\opengl_interop_deprecated.hpp = opencv249\include\opencv2\core\opengl_interop_deprecated.hpp
		opencv249\include\opencv2\core\operations.hpp = opencv249\include\opencv2\core\operations.hpp
		opencv249\include\opencv2\videostab\optical_flow.hpp = opencv249\include\opencv2\videostab\optical_flow.hpp
		opencv249\include\opencv2\superres\optical_flow.hpp = opencv249\include\opencv2\superres\optical_flow.hpp
		opencv249\include\opencv2\flann\params.h = opencv249\include\opencv2\flann\params.h
		opencv249\include\opencv2\photo\photo.hpp = opencv249\include\opencv2\photo\photo.hpp
		opencv249\include\opencv2\photo\photo_c.h = opencv249\include\opencv2\photo\photo_c.h
		opencv249\include\opencv2\flann\random.h = opencv249\include\opencv2\flann\random.h
		opencv249\include\opencv2\gpu\device\reduce.hpp = opencv249\include\opencv2\gpu\device\reduce.hpp
		opencv249\include\opencv2\gpu\device\detail\reduce.hpp = opencv249\include\opencv2\gpu\device\detail\reduce.hpp
		opencv249\include\opencv2\gpu\device\detail\reduce_key_val.hpp = opencv249\include\opencv2\gpu\device\detail\reduce_key_val.hpp
		opencv249\include\opencv2\flann\result_set.h = opencv249\include\opencv2\flann\result_set.h
		opencv249\include\opencv2\contrib\retina.hpp = opencv249\include\opencv2\contrib\retina.hpp
		opencv249\include\opencv2\flann\sampling.h = opencv249\include\opencv2\flann\sampling.h
		opencv249\include\opencv2\gpu\device\saturate_cast.hpp = opencv249\include\opencv2\gpu\device\saturate_cast.hpp
		opencv249\include\opencv2\flann\saving.h = opencv249\include\opencv2\flann\saving.h
		opencv249\include\opencv2\gpu\device\scan.hpp = opencv249\include\opencv2\gpu\device\scan.hpp
		opencv249\include\opencv2\stitching\detail\seam_finders.hpp = opencv249\include\opencv2\stitching\detail\seam_finders.hpp
		opencv249\include\opencv2\gpu\device\simd_functions.hpp = opencv249\include\opencv2\gpu\device\simd_functions.hpp
		opencv249\include\opencv2\flann\simplex_downhill.h = opencv249\include\opencv2\flann\simplex_downhill.h
		opencv249\include\opencv2\videostab\stabilizer.hpp = opencv249\include\opencv2\videostab\stabilizer.hpp
		opencv249\include\opencv2\gpu\device\static_check.hpp = opencv249\include\opencv2\gpu\device\static_check.hpp
		opencv249\include\opencv2\stitching\stitcher.hpp = opencv249\include\opencv2\stitching\stitcher.hpp
		opencv249\include\opencv2\gpu\stream_accessor.hpp = opencv249\include\opencv2\gpu\stream_accessor.hpp
		opencv249\include\opencv2\legacy\streams.hpp = opencv249\include\opencv2\legacy\streams.hpp
		opencv249\include\opencv2\superres\superres.hpp = opencv249\include\opencv2\superres\superres.hpp
		opencv249\include\opencv2\flann\timer.h = opencv249\include\opencv2\flann\timer.h
		opencv249\include\opencv2\video\tracking.hpp = opencv249\include\opencv2\video\tracking.hpp
		opencv249\include\opencv2\gpu\device\transform.hpp = opencv249\include\opencv2\gpu\device\transform.hpp
		opencv249\include\opencv2\gpu\device\detail\transform_detail.hpp = opencv249\include\opencv2\gpu\device\detail\transform_detail.hpp
		opencv249\include\opencv2\ts\ts.hpp = opencv249\include\opencv2\ts\ts.hpp
		opencv249\include\opencv2\ts\ts_gtest.h = opencv249\include\opencv2\ts\ts_gtest.h
		opencv249\include\opencv2\ts\ts_perf.hpp = opencv249\include\opencv2\ts\ts_perf.hpp
		opencv249\include\opencv2\gpu\device\type_traits.hpp = opencv249\include\opencv2\gpu\device\type_traits.hpp
		opencv249\include\opencv2\gpu\device\detail\type_traits_detail.hpp = opencv249\include\opencv2\gpu\device\detail\type_traits_detail.hpp
		opencv249\include\opencv2\core\types_c.h = opencv249\include\opencv2\core\types_c.h
		opencv249\include\opencv2\imgproc\types_c.h = opencv249\include\opencv2\imgproc\types_c.h
		opencv249\include\opencv2\stitching\detail\util.hpp = opencv249\include\opencv2\stitching\detail\util.hpp
		opencv249\include\opencv2\stitching\detail\util_inl.hpp = opencv249\include\opencv2\stitching\detail\util_inl.hpp
		opencv249\include\opencv2\gpu\device\utility.hpp = opencv249\include\opencv2\gpu\device\utility.hpp
		opencv249\include\opencv2\gpu\device\vec_distance.hpp = opencv249\include\opencv2\gpu\device\vec_distance.hpp
		opencv249\include\opencv2\gpu\device\detail\vec_distance_detail.hpp = opencv249\include\opencv2\gpu\device\detail\vec_distance_detail.hpp
		opencv249\include\opencv2\gpu\device\vec_math.hpp = opencv249\include\opencv2\gpu\device\vec_math.hpp
		opencv249\include\opencv2\gpu\device\vec_traits.hpp = opencv249\include\opencv2\gpu\device\vec_traits.hpp
		opencv249\include\opencv2\core\version.hpp = opencv249\include\opencv2\core\version.hpp
		opencv249\include\opencv2\video\video.hpp = opencv249\include\opencv2\video\video.hpp
		opencv249\include\opencv2\videostab\videostab.hpp = opencv249\include\opencv2\videostab\videostab.hpp
		opencv249\include\opencv2\gpu\device\warp.hpp = opencv249\include\opencv2\gpu\device\warp.hpp
		opencv249\include\opencv2\gpu\device\warp_reduce.hpp = opencv249\include\opencv2\gpu\device\warp_reduce.hpp
		opencv249\include\opencv2\gpu\device\warp_shuffle.hpp = opencv249\include\opencv2\gpu\device\warp_shuffle.hpp
		opencv249\include\opencv2\stitching\detail\warpers.hpp = opencv249\include\opencv2\stitching\detail\warpers.hpp
		opencv249\include\opencv2\stitching\warpers.hpp = opencv249\include\opencv2\stitching\warpers.hpp
		opencv249\include\opencv2\stitching\detail\warpers_inl.hpp = opencv249\include\opencv2\stitching\detail\warpers_inl.hpp
		opencv249\include\opencv2\core\wimage.hpp = opencv249\include\opencv2\core\wimage.hpp
	EndProjectSection
EndProject
Project("{2150E333-8FDC-42A3-9474-1A3956D46DE8}") = "DBs", "DBs", "{DBF817E9-0E9D-4610-9E78-715695AD8434}"
	ProjectSection(SolutionItems) = preProject
		DBs\Annotation_Demo.mp4 = DBs\Annotation_Demo.mp4
		DBs\Annotation_Demo.xml = DBs\Annotation_Demo.xml
	EndProjectSection
EndProject
Project("{2150E333-8FDC-42A3-9474-1A3956D46DE8}") = "project_properties", "project_properties", "{AF91FD22-890B-4A13-947A-833BA4183715}"
	ProjectSection(SolutionItems) = preProject
		opencv249_vc12_debug_portable.props = opencv249_vc12_debug_portable.props
		opencv249_vc12_release_portable.props = opencv249_vc12_release_portable.props
	EndProjectSection
EndProject
Global
	GlobalSection(SolutionConfigurationPlatforms) = preSolution
		Debug|Win32 = Debug|Win32
		Release|Win32 = Release|Win32
	EndGlobalSection
	GlobalSection(ProjectConfigurationPlatforms) = postSolution
		{74363A66-F459-4C9D-9102-C113A33832D2}.Debug|Win32.ActiveCfg = Debug|Win32
		{74363A66-F459-4C9D-9102-C113A33832D2}.Debug|Win32.Build.0 = Debug|Win32
		{74363A66-F459-4C9D-9102-C113A33832D2}.Release|Win32.ActiveCfg = Release|Win32
		{74363A66-F459-4C9D-9102-C113A33832D2}.Release|Win32.Build.0 = Release|Win32
	EndGlobalSection
	GlobalSection(SolutionProperties) = preSolution
		HideSolutionNode = FALSE
	EndGlobalSection
EndGlobal
